
Microsoft Visual Studio Solution File, Format Version 12.00
# Visual Studio Version 16
VisualStudioVersion = 16.0.30204.135
MinimumVisualStudioVersion = 10.0.40219.1
Project("{FAE04EC0-301F-11D3-BF4B-00C04F79EFBC}") = "Dohome.API", "Dohome.API\Dohome.API.csproj", "{CE432C9D-5E19-4DB0-BE80-89ADF1D04C60}"
EndProject
Project("{FAE04EC0-301F-11D3-BF4B-00C04F79EFBC}") = "Dohome.Model", "Dohome.Model\Dohome.Model.csproj", "{B763B248-F4D1-459C-9A56-CBC4DC0F6D87}"
EndProject
Project("{FAE04EC0-301F-11D3-BF4B-00C04F79EFBC}") = "Dohome.Log", "Dohome.Logs\Dohome.Log.csproj", "{DA9BE4DB-402C-4EAD-8FA4-51D798BCE297}"
EndProject
Project("{FAE04EC0-301F-11D3-BF4B-00C04F79EFBC}") = "Dohome.DAL", "Dohome.DAL\Dohome.DAL.csproj", "{A2D02968-C619-4F8D-900C-D697F8B0E347}"
EndProject
Project("{FAE04EC0-301F-11D3-BF4B-00C04F79EFBC}") = "Dohome.Lazada", "Dohome.Lazada\Dohome.Lazada.csproj", "{A8146008-2DED-4D2A-9FCF-3B556856530B}"
EndProject
Project("{9A19103F-16F7-4668-BE54-9A1E7A4F7556}") = "DohomeSystem.FTP", "..\dohome_lazada\DohomeSystem\DohomeSystem.FTP\DohomeSystem.FTP.csproj", "{67C06CE4-663B-4683-9B90-AD91DFCFB19F}"
EndProject
Global
	GlobalSection(SolutionConfigurationPlatforms) = preSolution
		Debug|Any CPU = Debug|Any CPU
		Release|Any CPU = Release|Any CPU
	EndGlobalSection
	GlobalSection(ProjectConfigurationPlatforms) = postSolution
		{CE432C9D-5E19-4DB0-BE80-89ADF1D04C60}.Debug|Any CPU.ActiveCfg = Debug|Any CPU
		{CE432C9D-5E19-4DB0-BE80-89ADF1D04C60}.Debug|Any CPU.Build.0 = Debug|Any CPU
		{CE432C9D-5E19-4DB0-BE80-89ADF1D04C60}.Release|Any CPU.ActiveCfg = Release|Any CPU
		{CE432C9D-5E19-4DB0-BE80-89ADF1D04C60}.Release|Any CPU.Build.0 = Release|Any CPU
		{B763B248-F4D1-459C-9A56-CBC4DC0F6D87}.Debug|Any CPU.ActiveCfg = Debug|Any CPU
		{B763B248-F4D1-459C-9A56-CBC4DC0F6D87}.Debug|Any CPU.Build.0 = Debug|Any CPU
		{B763B248-F4D1-459C-9A56-CBC4DC0F6D87}.Release|Any CPU.ActiveCfg = Release|Any CPU
		{B763B248-F4D1-459C-9A56-CBC4DC0F6D87}.Release|Any CPU.Build.0 = Release|Any CPU
		{DA9BE4DB-402C-4EAD-8FA4-51D798BCE297}.Debug|Any CPU.ActiveCfg = Debug|Any CPU
		{DA9BE4DB-402C-4EAD-8FA4-51D798BCE297}.Debug|Any CPU.Build.0 = Debug|Any CPU
		{DA9BE4DB-402C-4EAD-8FA4-51D798BCE297}.Release|Any CPU.ActiveCfg = Release|Any CPU
		{DA9BE4DB-402C-4EAD-8FA4-51D798BCE297}.Release|Any CPU.Build.0 = Release|Any CPU
		{A2D02968-C619-4F8D-900C-D697F8B0E347}.Debug|Any CPU.ActiveCfg = Debug|Any CPU
		{A2D02968-C619-4F8D-900C-D697F8B0E347}.Debug|Any CPU.Build.0 = Debug|Any CPU
		{A2D02968-C619-4F8D-900C-D697F8B0E347}.Release|Any CPU.ActiveCfg = Release|Any CPU
		{A2D02968-C619-4F8D-900C-D697F8B0E347}.Release|Any CPU.Build.0 = Release|Any CPU
		{A8146008-2DED-4D2A-9FCF-3B556856530B}.Debug|Any CPU.ActiveCfg = Debug|Any CPU
		{A8146008-2DED-4D2A-9FCF-3B556856530B}.Debug|Any CPU.Build.0 = Debug|Any CPU
		{A8146008-2DED-4D2A-9FCF-3B556856530B}.Release|Any CPU.ActiveCfg = Release|Any CPU
		{A8146008-2DED-4D2A-9FCF-3B556856530B}.Release|Any CPU.Build.0 = Release|Any CPU
		{67C06CE4-663B-4683-9B90-AD91DFCFB19F}.Debug|Any CPU.ActiveCfg = Debug|Any CPU
		{67C06CE4-663B-4683-9B90-AD91DFCFB19F}.Debug|Any CPU.Build.0 = Debug|Any CPU
		{67C06CE4-663B-4683-9B90-AD91DFCFB19F}.Release|Any CPU.ActiveCfg = Release|Any CPU
		{67C06CE4-663B-4683-9B90-AD91DFCFB19F}.Release|Any CPU.Build.0 = Release|Any CPU
	EndGlobalSection
	GlobalSection(SolutionProperties) = preSolution
		HideSolutionNode = FALSE
	EndGlobalSection
	GlobalSection(ExtensibilityGlobals) = postSolution
		SolutionGuid = {1CB3CC91-B334-4EA1-B440-550AA3A33E47}
	EndGlobalSection
EndGlobal
